// !$*UTF8*$!
{
	archiveVersion = 1;
	classes = {
	};
	objectVersion = 55;
	objects = {

/* Begin PBXBuildFile section */
		FADAA71529C6C437007C8478 /* AppDelegate.swift in Sources */ = {isa = PBXBuildFile; fileRef = FADAA71429C6C437007C8478 /* AppDelegate.swift */; };
		FADAA71729C6C437007C8478 /* SceneDelegate.swift in Sources */ = {isa = PBXBuildFile; fileRef = FADAA71629C6C437007C8478 /* SceneDelegate.swift */; };
		FADAA71C29C6C437007C8478 /* Main.storyboard in Resources */ = {isa = PBXBuildFile; fileRef = FADAA71A29C6C437007C8478 /* Main.storyboard */; };
		FADAA71E29C6C438007C8478 /* Assets.xcassets in Resources */ = {isa = PBXBuildFile; fileRef = FADAA71D29C6C438007C8478 /* Assets.xcassets */; };
		FADAA72129C6C438007C8478 /* LaunchScreen.storyboard in Resources */ = {isa = PBXBuildFile; fileRef = FADAA71F29C6C438007C8478 /* LaunchScreen.storyboard */; };
		FADAA73329C6CA30007C8478 /* MainViewController.swift in Sources */ = {isa = PBXBuildFile; fileRef = FADAA73229C6CA30007C8478 /* MainViewController.swift */; };
		FADAA73529C6CBEB007C8478 /* HomeViewController.swift in Sources */ = {isa = PBXBuildFile; fileRef = FADAA73429C6CBEB007C8478 /* HomeViewController.swift */; };
		FADAA73729C6CD0B007C8478 /* HomeModel.swift in Sources */ = {isa = PBXBuildFile; fileRef = FADAA73629C6CD0B007C8478 /* HomeModel.swift */; };
		FADAA73929C6CDD7007C8478 /* HomeViewModel.swift in Sources */ = {isa = PBXBuildFile; fileRef = FADAA73829C6CDD7007C8478 /* HomeViewModel.swift */; };
/* End PBXBuildFile section */

/* Begin PBXFileReference section */
		FADAA71129C6C437007C8478 /* Contacts List.app */ = {isa = PBXFileReference; explicitFileType = wrapper.application; includeInIndex = 0; path = "Contacts List.app"; sourceTree = BUILT_PRODUCTS_DIR; };
		FADAA71429C6C437007C8478 /* AppDelegate.swift */ = {isa = PBXFileReference; lastKnownFileType = sourcecode.swift; path = AppDelegate.swift; sourceTree = "<group>"; };
		FADAA71629C6C437007C8478 /* SceneDelegate.swift */ = {isa = PBXFileReference; lastKnownFileType = sourcecode.swift; path = SceneDelegate.swift; sourceTree = "<group>"; };
		FADAA71B29C6C437007C8478 /* Base */ = {isa = PBXFileReference; lastKnownFileType = file.storyboard; name = Base; path = Base.lproj/Main.storyboard; sourceTree = "<group>"; };
		FADAA71D29C6C438007C8478 /* Assets.xcassets */ = {isa = PBXFileReference; lastKnownFileType = folder.assetcatalog; path = Assets.xcassets; sourceTree = "<group>"; };
		FADAA72029C6C438007C8478 /* Base */ = {isa = PBXFileReference; lastKnownFileType = file.storyboard; name = Base; path = Base.lproj/LaunchScreen.storyboard; sourceTree = "<group>"; };
		FADAA72229C6C438007C8478 /* Info.plist */ = {isa = PBXFileReference; lastKnownFileType = text.plist.xml; path = Info.plist; sourceTree = "<group>"; };
		FADAA73229C6CA30007C8478 /* MainViewController.swift */ = {isa = PBXFileReference; lastKnownFileType = sourcecode.swift; path = MainViewController.swift; sourceTree = "<group>"; };
		FADAA73429C6CBEB007C8478 /* HomeViewController.swift */ = {isa = PBXFileReference; lastKnownFileType = sourcecode.swift; path = HomeViewController.swift; sourceTree = "<group>"; };
		FADAA73629C6CD0B007C8478 /* HomeModel.swift */ = {isa = PBXFileReference; lastKnownFileType = sourcecode.swift; path = HomeModel.swift; sourceTree = "<group>"; };
		FADAA73829C6CDD7007C8478 /* HomeViewModel.swift */ = {isa = PBXFileReference; lastKnownFileType = sourcecode.swift; path = HomeViewModel.swift; sourceTree = "<group>"; };
/* End PBXFileReference section */

/* Begin PBXFrameworksBuildPhase section */
		FADAA70E29C6C437007C8478 /* Frameworks */ = {
			isa = PBXFrameworksBuildPhase;
			buildActionMask = 2147483647;
			files = (
			);
			runOnlyForDeploymentPostprocessing = 0;
		};
/* End PBXFrameworksBuildPhase section */

/* Begin PBXGroup section */
		FADAA70829C6C437007C8478 = {
			isa = PBXGroup;
			children = (
				FADAA71329C6C437007C8478 /* Contacts List */,
				FADAA71229C6C437007C8478 /* Products */,
			);
			sourceTree = "<group>";
		};
		FADAA71229C6C437007C8478 /* Products */ = {
			isa = PBXGroup;
			children = (
				FADAA71129C6C437007C8478 /* Contacts List.app */,
			);
			name = Products;
			sourceTree = "<group>";
		};
		FADAA71329C6C437007C8478 /* Contacts List */ = {
			isa = PBXGroup;
			children = (
				FADAA72D29C6C4EC007C8478 /* Application */,
				FADAA72C29C6C4C4007C8478 /* Constant */,
				FADAA72B29C6C4B8007C8478 /* Extenstions */,
				FADAA72A29C6C4AD007C8478 /* Serecns */,
				FADAA72929C6C49F007C8478 /* Storyboard */,
				FADAA72829C6C48C007C8478 /* Resourecs */,
				FADAA72229C6C438007C8478 /* Info.plist */,
			);
			path = "Contacts List";
			sourceTree = "<group>";
		};
		FADAA72829C6C48C007C8478 /* Resourecs */ = {
			isa = PBXGroup;
			children = (
				FADAA71D29C6C438007C8478 /* Assets.xcassets */,
			);
			path = Resourecs;
			sourceTree = "<group>";
		};
		FADAA72929C6C49F007C8478 /* Storyboard */ = {
			isa = PBXGroup;
			children = (
				FADAA71A29C6C437007C8478 /* Main.storyboard */,
				FADAA71F29C6C438007C8478 /* LaunchScreen.storyboard */,
			);
			path = Storyboard;
			sourceTree = "<group>";
		};
		FADAA72A29C6C4AD007C8478 /* Serecns */ = {
			isa = PBXGroup;
			children = (
				FADAA72E29C6C51B007C8478 /* Home */,
				FADAA73229C6CA30007C8478 /* MainViewController.swift */,
			);
			path = Serecns;
			sourceTree = "<group>";
		};
		FADAA72B29C6C4B8007C8478 /* Extenstions */ = {
			isa = PBXGroup;
			children = (
			);
			path = Extenstions;
			sourceTree = "<group>";
		};
		FADAA72C29C6C4C4007C8478 /* Constant */ = {
			isa = PBXGroup;
			children = (
			);
			path = Constant;
			sourceTree = "<group>";
		};
		FADAA72D29C6C4EC007C8478 /* Application */ = {
			isa = PBXGroup;
			children = (
				FADAA71429C6C437007C8478 /* AppDelegate.swift */,
				FADAA71629C6C437007C8478 /* SceneDelegate.swift */,
			);
			path = Application;
			sourceTree = "<group>";
		};
		FADAA72E29C6C51B007C8478 /* Home */ = {
			isa = PBXGroup;
			children = (
				FADAA73029C6C55B007C8478 /* Model */,
				FADAA72F29C6C554007C8478 /* View */,
				FADAA73129C6C561007C8478 /* ViewModel */,
			);
			path = Home;
			sourceTree = "<group>";
		};
		FADAA72F29C6C554007C8478 /* View */ = {
			isa = PBXGroup;
			children = (
				FADAA73429C6CBEB007C8478 /* HomeViewController.swift */,
			);
			path = View;
			sourceTree = "<group>";
		};
		FADAA73029C6C55B007C8478 /* Model */ = {
			isa = PBXGroup;
			children = (
				FADAA73629C6CD0B007C8478 /* HomeModel.swift */,
			);
			path = Model;
			sourceTree = "<group>";
		};
		FADAA73129C6C561007C8478 /* ViewModel */ = {
			isa = PBXGroup;
			children = (
				FADAA73829C6CDD7007C8478 /* HomeViewModel.swift */,
			);
			path = ViewModel;
			sourceTree = "<group>";
		};
/* End PBXGroup section */

/* Begin PBXNativeTarget section */
		FADAA71029C6C437007C8478 /* Contacts List */ = {
			isa = PBXNativeTarget;
			buildConfigurationList = FADAA72529C6C438007C8478 /* Build configuration list for PBXNativeTarget "Contacts List" */;
			buildPhases = (
				FADAA70D29C6C437007C8478 /* Sources */,
				FADAA70E29C6C437007C8478 /* Frameworks */,
				FADAA70F29C6C437007C8478 /* Resources */,
			);
			buildRules = (
			);
			dependencies = (
			);
			name = "Contacts List";
			productName = "Contacts List";
			productReference = FADAA71129C6C437007C8478 /* Contacts List.app */;
			productType = "com.apple.product-type.application";
		};
/* End PBXNativeTarget section */

/* Begin PBXProject section */
		FADAA70929C6C437007C8478 /* Project object */ = {
			isa = PBXProject;
			attributes = {
				BuildIndependentTargetsInParallel = 1;
				LastSwiftUpdateCheck = 1320;
				LastUpgradeCheck = 1320;
				TargetAttributes = {
					FADAA71029C6C437007C8478 = {
						CreatedOnToolsVersion = 13.2.1;
					};
				};
			};
			buildConfigurationList = FADAA70C29C6C437007C8478 /* Build configuration list for PBXProject "Contacts List" */;
			compatibilityVersion = "Xcode 13.0";
			developmentRegion = en;
			hasScannedForEncodings = 0;
			knownRegions = (
				en,
				Base,
			);
			mainGroup = FADAA70829C6C437007C8478;
			productRefGroup = FADAA71229C6C437007C8478 /* Products */;
			projectDirPath = "";
			projectRoot = "";
			targets = (
				FADAA71029C6C437007C8478 /* Contacts List */,
			);
		};
/* End PBXProject section */

/* Begin PBXResourcesBuildPhase section */
		FADAA70F29C6C437007C8478 /* Resources */ = {
			isa = PBXResourcesBuildPhase;
			buildActionMask = 2147483647;
			files = (
				FADAA72129C6C438007C8478 /* LaunchScreen.storyboard in Resources */,
				FADAA71E29C6C438007C8478 /* Assets.xcassets in Resources */,
				FADAA71C29C6C437007C8478 /* Main.storyboard in Resources */,
			);
			runOnlyForDeploymentPostprocessing = 0;
		};
/* End PBXResourcesBuildPhase section */

/* Begin PBXSourcesBuildPhase section */
		FADAA70D29C6C437007C8478 /* Sources */ = {
			isa = PBXSourcesBuildPhase;
			buildActionMask = 2147483647;
			files = (
				FADAA73729C6CD0B007C8478 /* HomeModel.swift in Sources */,
				FADAA73929C6CDD7007C8478 /* HomeViewModel.swift in Sources */,
				FADAA73329C6CA30007C8478 /* MainViewController.swift in Sources */,
				FADAA71529C6C437007C8478 /* AppDelegate.swift in Sources */,
				FADAA71729C6C437007C8478 /* SceneDelegate.swift in Sources */,
				FADAA73529C6CBEB007C8478 /* HomeViewController.swift in Sources */,
			);
			runOnlyForDeploymentPostprocessing = 0;
		};
/* End PBXSourcesBuildPhase section */

/* Begin PBXVariantGroup section */
		FADAA71A29C6C437007C8478 /* Main.storyboard */ = {
			isa = PBXVariantGroup;
			children = (
				FADAA71B29C6C437007C8478 /* Base */,
			);
			name = Main.storyboard;
			sourceTree = "<group>";
		};
		FADAA71F29C6C438007C8478 /* LaunchScreen.storyboard */ = {
			isa = PBXVariantGroup;
			children = (
				FADAA72029C6C438007C8478 /* Base */,
			);
			name = LaunchScreen.storyboard;
			sourceTree = "<group>";
		};
/* End PBXVariantGroup section */

/* Begin XCBuildConfiguration section */
		FADAA72329C6C438007C8478 /* Debug */ = {
			isa = XCBuildConfiguration;
			buildSettings = {
				ALWAYS_SEARCH_USER_PATHS = NO;
				CLANG_ANALYZER_NONNULL = YES;
				CLANG_ANALYZER_NUMBER_OBJECT_CONVERSION = YES_AGGRESSIVE;
				CLANG_CXX_LANGUAGE_STANDARD = "gnu++17";
				CLANG_CXX_LIBRARY = "libc++";
				CLANG_ENABLE_MODULES = YES;
				CLANG_ENABLE_OBJC_ARC = YES;
				CLANG_ENABLE_OBJC_WEAK = YES;
				CLANG_WARN_BLOCK_CAPTURE_AUTORELEASING = YES;
				CLANG_WARN_BOOL_CONVERSION = YES;
				CLANG_WARN_COMMA = YES;
				CLANG_WARN_CONSTANT_CONVERSION = YES;
				CLANG_WARN_DEPRECATED_OBJC_IMPLEMENTATIONS = YES;
				CLANG_WARN_DIRECT_OBJC_ISA_USAGE = YES_ERROR;
				CLANG_WARN_DOCUMENTATION_COMMENTS = YES;
				CLANG_WARN_EMPTY_BODY = YES;
				CLANG_WARN_ENUM_CONVERSION = YES;
				CLANG_WARN_INFINITE_RECURSION = YES;
				CLANG_WARN_INT_CONVERSION = YES;
				CLANG_WARN_NON_LITERAL_NULL_CONVERSION = YES;
				CLANG_WARN_OBJC_IMPLICIT_RETAIN_SELF = YES;
				CLANG_WARN_OBJC_LITERAL_CONVERSION = YES;
				CLANG_WARN_OBJC_ROOT_CLASS = YES_ERROR;
				CLANG_WARN_QUOTED_INCLUDE_IN_FRAMEWORK_HEADER = YES;
				CLANG_WARN_RANGE_LOOP_ANALYSIS = YES;
				CLANG_WARN_STRICT_PROTOTYPES = YES;
				CLANG_WARN_SUSPICIOUS_MOVE = YES;
				CLANG_WARN_UNGUARDED_AVAILABILITY = YES_AGGRESSIVE;
				CLANG_WARN_UNREACHABLE_CODE = YES;
				CLANG_WARN__DUPLICATE_METHOD_MATCH = YES;
				COPY_PHASE_STRIP = NO;
				DEBUG_INFORMATION_FORMAT = dwarf;
				ENABLE_STRICT_OBJC_MSGSEND = YES;
				ENABLE_TESTABILITY = YES;
				GCC_C_LANGUAGE_STANDARD = gnu11;
				GCC_DYNAMIC_NO_PIC = NO;
				GCC_NO_COMMON_BLOCKS = YES;
				GCC_OPTIMIZATION_LEVEL = 0;
				GCC_PREPROCESSOR_DEFINITIONS = (
					"DEBUG=1",
					"$(inherited)",
				);
				GCC_WARN_64_TO_32_BIT_CONVERSION = YES;
				GCC_WARN_ABOUT_RETURN_TYPE = YES_ERROR;
				GCC_WARN_UNDECLARED_SELECTOR = YES;
				GCC_WARN_UNINITIALIZED_AUTOS = YES_AGGRESSIVE;
				GCC_WARN_UNUSED_FUNCTION = YES;
				GCC_WARN_UNUSED_VARIABLE = YES;
				IPHONEOS_DEPLOYMENT_TARGET = 15.2;
				MTL_ENABLE_DEBUG_INFO = INCLUDE_SOURCE;
				MTL_FAST_MATH = YES;
				ONLY_ACTIVE_ARCH = YES;
				SDKROOT = iphoneos;
				SWIFT_ACTIVE_COMPILATION_CONDITIONS = DEBUG;
				SWIFT_OPTIMIZATION_LEVEL = "-Onone";
			};
			name = Debug;
		};
		FADAA72429C6C438007C8478 /* Release */ = {
			isa = XCBuildConfiguration;
			buildSettings = {
				ALWAYS_SEARCH_USER_PATHS = NO;
				CLANG_ANALYZER_NONNULL = YES;
				CLANG_ANALYZER_NUMBER_OBJECT_CONVERSION = YES_AGGRESSIVE;
				CLANG_CXX_LANGUAGE_STANDARD = "gnu++17";
				CLANG_CXX_LIBRARY = "libc++";
				CLANG_ENABLE_MODULES = YES;
				CLANG_ENABLE_OBJC_ARC = YES;
				CLANG_ENABLE_OBJC_WEAK = YES;
				CLANG_WARN_BLOCK_CAPTURE_AUTORELEASING = YES;
				CLANG_WARN_BOOL_CONVERSION = YES;
				CLANG_WARN_COMMA = YES;
				CLANG_WARN_CONSTANT_CONVERSION = YES;
				CLANG_WARN_DEPRECATED_OBJC_IMPLEMENTATIONS = YES;
				CLANG_WARN_DIRECT_OBJC_ISA_USAGE = YES_ERROR;
				CLANG_WARN_DOCUMENTATION_COMMENTS = YES;
				CLANG_WARN_EMPTY_BODY = YES;
				CLANG_WARN_ENUM_CONVERSION = YES;
				CLANG_WARN_INFINITE_RECURSION = YES;
				CLANG_WARN_INT_CONVERSION = YES;
				CLANG_WARN_NON_LITERAL_NULL_CONVERSION = YES;
				CLANG_WARN_OBJC_IMPLICIT_RETAIN_SELF = YES;
				CLANG_WARN_OBJC_LITERAL_CONVERSION = YES;
				CLANG_WARN_OBJC_ROOT_CLASS = YES_ERROR;
				CLANG_WARN_QUOTED_INCLUDE_IN_FRAMEWORK_HEADER = YES;
				CLANG_WARN_RANGE_LOOP_ANALYSIS = YES;
				CLANG_WARN_STRICT_PROTOTYPES = YES;
				CLANG_WARN_SUSPICIOUS_MOVE = YES;
				CLANG_WARN_UNGUARDED_AVAILABILITY = YES_AGGRESSIVE;
				CLANG_WARN_UNREACHABLE_CODE = YES;
				CLANG_WARN__DUPLICATE_METHOD_MATCH = YES;
				COPY_PHASE_STRIP = NO;
				DEBUG_INFORMATION_FORMAT = "dwarf-with-dsym";
				ENABLE_NS_ASSERTIONS = NO;
				ENABLE_STRICT_OBJC_MSGSEND = YES;
				GCC_C_LANGUAGE_STANDARD = gnu11;
				GCC_NO_COMMON_BLOCKS = YES;
				GCC_WARN_64_TO_32_BIT_CONVERSION = YES;
				GCC_WARN_ABOUT_RETURN_TYPE = YES_ERROR;
				GCC_WARN_UNDECLARED_SELECTOR = YES;
				GCC_WARN_UNINITIALIZED_AUTOS = YES_AGGRESSIVE;
				GCC_WARN_UNUSED_FUNCTION = YES;
				GCC_WARN_UNUSED_VARIABLE = YES;
				IPHONEOS_DEPLOYMENT_TARGET = 15.2;
				MTL_ENABLE_DEBUG_INFO = NO;
				MTL_FAST_MATH = YES;
				SDKROOT = iphoneos;
				SWIFT_COMPILATION_MODE = wholemodule;
				SWIFT_OPTIMIZATION_LEVEL = "-O";
				VALIDATE_PRODUCT = YES;
			};
			name = Release;
		};
		FADAA72629C6C438007C8478 /* Debug */ = {
			isa = XCBuildConfiguration;
			buildSettings = {
				ASSETCATALOG_COMPILER_APPICON_NAME = AppIcon;
				ASSETCATALOG_COMPILER_GLOBAL_ACCENT_COLOR_NAME = AccentColor;
				CODE_SIGN_STYLE = Automatic;
				CURRENT_PROJECT_VERSION = 1;
				DEVELOPMENT_TEAM = K6BJ9JXQPF;
				GENERATE_INFOPLIST_FILE = YES;
				INFOPLIST_FILE = "Contacts List/Info.plist";
				INFOPLIST_KEY_UIApplicationSupportsIndirectInputEvents = YES;
				INFOPLIST_KEY_UILaunchStoryboardName = LaunchScreen;
				INFOPLIST_KEY_UIMainStoryboardFile = Main;
				INFOPLIST_KEY_UISupportedInterfaceOrientations = UIInterfaceOrientationPortrait;
				INFOPLIST_KEY_UISupportedInterfaceOrientations_iPad = "UIInterfaceOrientationPortrait UIInterfaceOrientationPortraitUpsideDown UIInterfaceOrientationLandscapeLeft UIInterfaceOrientationLandscapeRight";
				INFOPLIST_KEY_UISupportedInterfaceOrientations_iPhone = "UIInterfaceOrientationPortrait UIInterfaceOrientationLandscapeLeft UIInterfaceOrientationLandscapeRight";
				IPHONEOS_DEPLOYMENT_TARGET = 15.0;
				LD_RUNPATH_SEARCH_PATHS = (
					"$(inherited)",
					"@executable_path/Frameworks",
				);
				MARKETING_VERSION = 1.0;
				PRODUCT_BUNDLE_IDENTIFIER = "com.systemsApp.Contacts-List";
				PRODUCT_NAME = "$(TARGET_NAME)";
				SWIFT_EMIT_LOC_STRINGS = YES;
				SWIFT_VERSION = 5.0;
				TARGETED_DEVICE_FAMILY = 1;
			};
			name = Debug;
		};
		FADAA72729C6C438007C8478 /* Release */ = {
			isa = XCBuildConfiguration;
			buildSettings = {
				ASSETCATALOG_COMPILER_APPICON_NAME = AppIcon;
				ASSETCATALOG_COMPILER_GLOBAL_ACCENT_COLOR_NAME = AccentColor;
				CODE_SIGN_STYLE = Automatic;
				CURRENT_PROJECT_VERSION = 1;
				DEVELOPMENT_TEAM = K6BJ9JXQPF;
				GENERATE_INFOPLIST_FILE = YES;
				INFOPLIST_FILE = "Contacts List/Info.plist";
				INFOPLIST_KEY_UIApplicationSupportsIndirectInputEvents = YES;
				INFOPLIST_KEY_UILaunchStoryboardName = LaunchScreen;
				INFOPLIST_KEY_UIMainStoryboardFile = Main;
				INFOPLIST_KEY_UISupportedInterfaceOrientations = UIInterfaceOrientationPortrait;
				INFOPLIST_KEY_UISupportedInterfaceOrientations_iPad = "UIInterfaceOrientationPortrait UIInterfaceOrientationPortraitUpsideDown UIInterfaceOrientationLandscapeLeft UIInterfaceOrientationLandscapeRight";
				INFOPLIST_KEY_UISupportedInterfaceOrientations_iPhone = "UIInterfaceOrientationPortrait UIInterfaceOrientationLandscapeLeft UIInterfaceOrientationLandscapeRight";
				IPHONEOS_DEPLOYMENT_TARGET = 15.0;
				LD_RUNPATH_SEARCH_PATHS = (
					"$(inherited)",
					"@executable_path/Frameworks",
				);
				MARKETING_VERSION = 1.0;
				PRODUCT_BUNDLE_IDENTIFIER = "com.systemsApp.Contacts-List";
				PRODUCT_NAME = "$(TARGET_NAME)";
				SWIFT_EMIT_LOC_STRINGS = YES;
				SWIFT_VERSION = 5.0;
				TARGETED_DEVICE_FAMILY = 1;
			};
			name = Release;
		};
/* End XCBuildConfiguration section */

/* Begin XCConfigurationList section */
		FADAA70C29C6C437007C8478 /* Build configuration list for PBXProject "Contacts List" */ = {
			isa = XCConfigurationList;
			buildConfigurations = (
				FADAA72329C6C438007C8478 /* Debug */,
				FADAA72429C6C438007C8478 /* Release */,
			);
			defaultConfigurationIsVisible = 0;
			defaultConfigurationName = Release;
		};
		FADAA72529C6C438007C8478 /* Build configuration list for PBXNativeTarget "Contacts List" */ = {
			isa = XCConfigurationList;
			buildConfigurations = (
				FADAA72629C6C438007C8478 /* Debug */,
				FADAA72729C6C438007C8478 /* Release */,
			);
			defaultConfigurationIsVisible = 0;
			defaultConfigurationName = Release;
		};
/* End XCConfigurationList section */
	};
	rootObject = FADAA70929C6C437007C8478 /* Project object */;
}
